
Microsoft Visual Studio Solution File, Format Version 12.00
# Visual Studio 15
VisualStudioVersion = 15.0.26730.16
MinimumVisualStudioVersion = 10.0.40219.1
Project("{FAE04EC0-301F-11D3-BF4B-00C04F79EFBC}") = "PHPTravelsTest", "PHPTravelsTest\PHPTravelsTest.csproj", "{D2B9C193-F063-4AFD-86A2-E3E82CCF4936}"
EndProject
Global
	GlobalSection(SolutionConfigurationPlatforms) = preSolution
		Debug|Any CPU = Debug|Any CPU
		Release|Any CPU = Release|Any CPU
	EndGlobalSection
	GlobalSection(ProjectConfigurationPlatforms) = postSolution
		{D2B9C193-F063-4AFD-86A2-E3E82CCF4936}.Debug|Any CPU.ActiveCfg = Debug|Any CPU
		{D2B9C193-F063-4AFD-86A2-E3E82CCF4936}.Debug|Any CPU.Build.0 = Debug|Any CPU
		{D2B9C193-F063-4AFD-86A2-E3E82CCF4936}.Release|Any CPU.ActiveCfg = Release|Any CPU
		{D2B9C193-F063-4AFD-86A2-E3E82CCF4936}.Release|Any CPU.Build.0 = Release|Any CPU
	EndGlobalSection
	GlobalSection(SolutionProperties) = preSolution
		HideSolutionNode = FALSE
	EndGlobalSection
	GlobalSection(ExtensibilityGlobals) = postSolution
		SolutionGuid = {5C1DDCF0-8CEC-4EF9-AD36-254CA078A237}
	EndGlobalSection
EndGlobal
